
Microsoft Visual Studio Solution File, Format Version 12.00
# Visual Studio Version 16
VisualStudioVersion = 16.0.30114.105
MinimumVisualStudioVersion = 10.0.40219.1
Project("{FAE04EC0-301F-11D3-BF4B-00C04F79EFBC}") = "Binding.Android", "Binding\Binding.Android\Binding.Android.csproj", "{42270BE8-9837-4394-A508-95FEA7B3C435}"
EndProject
Project("{FAE04EC0-301F-11D3-BF4B-00C04F79EFBC}") = "Binding.iOS", "Binding\Binding.iOS\Binding.iOS.csproj", "{5BA1F8F1-4EE7-4932-AAD1-0323943CF97A}"
EndProject
Project("{FAE04EC0-301F-11D3-BF4B-00C04F79EFBC}") = "Binding", "Binding\Binding\Binding.csproj", "{811453DC-1CDA-465D-A099-DA3D2D044E20}"
EndProject
Global
	GlobalSection(SolutionConfigurationPlatforms) = preSolution
		Debug|Any CPU = Debug|Any CPU
		Debug|iPhone = Debug|iPhone
		Debug|iPhoneSimulator = Debug|iPhoneSimulator
		Release|Any CPU = Release|Any CPU
		Release|iPhone = Release|iPhone
		Release|iPhoneSimulator = Release|iPhoneSimulator
	EndGlobalSection
	GlobalSection(ProjectConfigurationPlatforms) = postSolution
		{42270BE8-9837-4394-A508-95FEA7B3C435}.Debug|Any CPU.ActiveCfg = Debug|Any CPU
		{42270BE8-9837-4394-A508-95FEA7B3C435}.Debug|Any CPU.Build.0 = Debug|Any CPU
		{42270BE8-9837-4394-A508-95FEA7B3C435}.Debug|Any CPU.Deploy.0 = Debug|Any CPU
		{42270BE8-9837-4394-A508-95FEA7B3C435}.Debug|iPhone.ActiveCfg = Debug|Any CPU
		{42270BE8-9837-4394-A508-95FEA7B3C435}.Debug|iPhone.Build.0 = Debug|Any CPU
		{42270BE8-9837-4394-A508-95FEA7B3C435}.Debug|iPhone.Deploy.0 = Debug|Any CPU
		{42270BE8-9837-4394-A508-95FEA7B3C435}.Debug|iPhoneSimulator.ActiveCfg = Debug|Any CPU
		{42270BE8-9837-4394-A508-95FEA7B3C435}.Debug|iPhoneSimulator.Build.0 = Debug|Any CPU
		{42270BE8-9837-4394-A508-95FEA7B3C435}.Debug|iPhoneSimulator.Deploy.0 = Debug|Any CPU
		{42270BE8-9837-4394-A508-95FEA7B3C435}.Release|Any CPU.ActiveCfg = Release|Any CPU
		{42270BE8-9837-4394-A508-95FEA7B3C435}.Release|Any CPU.Build.0 = Release|Any CPU
		{42270BE8-9837-4394-A508-95FEA7B3C435}.Release|Any CPU.Deploy.0 = Release|Any CPU
		{42270BE8-9837-4394-A508-95FEA7B3C435}.Release|iPhone.ActiveCfg = Release|Any CPU
		{42270BE8-9837-4394-A508-95FEA7B3C435}.Release|iPhone.Build.0 = Release|Any CPU
		{42270BE8-9837-4394-A508-95FEA7B3C435}.Release|iPhone.Deploy.0 = Release|Any CPU
		{42270BE8-9837-4394-A508-95FEA7B3C435}.Release|iPhoneSimulator.ActiveCfg = Release|Any CPU
		{42270BE8-9837-4394-A508-95FEA7B3C435}.Release|iPhoneSimulator.Build.0 = Release|Any CPU
		{42270BE8-9837-4394-A508-95FEA7B3C435}.Release|iPhoneSimulator.Deploy.0 = Release|Any CPU
		{5BA1F8F1-4EE7-4932-AAD1-0323943CF97A}.Debug|Any CPU.ActiveCfg = Debug|iPhone
		{5BA1F8F1-4EE7-4932-AAD1-0323943CF97A}.Debug|Any CPU.Build.0 = Debug|iPhone
		{5BA1F8F1-4EE7-4932-AAD1-0323943CF97A}.Debug|Any CPU.Deploy.0 = Debug|iPhone
		{5BA1F8F1-4EE7-4932-AAD1-0323943CF97A}.Debug|iPhone.ActiveCfg = Debug|iPhone
		{5BA1F8F1-4EE7-4932-AAD1-0323943CF97A}.Debug|iPhone.Build.0 = Debug|iPhone
		{5BA1F8F1-4EE7-4932-AAD1-0323943CF97A}.Debug|iPhone.Deploy.0 = Debug|iPhone
		{5BA1F8F1-4EE7-4932-AAD1-0323943CF97A}.Debug|iPhoneSimulator.ActiveCfg = Debug|iPhoneSimulator
		{5BA1F8F1-4EE7-4932-AAD1-0323943CF97A}.Debug|iPhoneSimulator.Build.0 = Debug|iPhoneSimulator
		{5BA1F8F1-4EE7-4932-AAD1-0323943CF97A}.Debug|iPhoneSimulator.Deploy.0 = Debug|iPhoneSimulator
		{5BA1F8F1-4EE7-4932-AAD1-0323943CF97A}.Release|Any CPU.ActiveCfg = Release|iPhone
		{5BA1F8F1-4EE7-4932-AAD1-0323943CF97A}.Release|Any CPU.Build.0 = Release|iPhone
		{5BA1F8F1-4EE7-4932-AAD1-0323943CF97A}.Release|Any CPU.Deploy.0 = Release|iPhone
		{5BA1F8F1-4EE7-4932-AAD1-0323943CF97A}.Release|iPhone.ActiveCfg = Release|iPhone
		{5BA1F8F1-4EE7-4932-AAD1-0323943CF97A}.Release|iPhone.Build.0 = Release|iPhone
		{5BA1F8F1-4EE7-4932-AAD1-0323943CF97A}.Release|iPhone.Deploy.0 = Release|iPhone
		{5BA1F8F1-4EE7-4932-AAD1-0323943CF97A}.Release|iPhoneSimulator.ActiveCfg = Release|iPhoneSimulator
		{5BA1F8F1-4EE7-4932-AAD1-0323943CF97A}.Release|iPhoneSimulator.Build.0 = Release|iPhoneSimulator
		{5BA1F8F1-4EE7-4932-AAD1-0323943CF97A}.Release|iPhoneSimulator.Deploy.0 = Release|iPhoneSimulator
		{811453DC-1CDA-465D-A099-DA3D2D044E20}.Debug|Any CPU.ActiveCfg = Debug|Any CPU
		{811453DC-1CDA-465D-A099-DA3D2D044E20}.Debug|Any CPU.Build.0 = Debug|Any CPU
		{811453DC-1CDA-465D-A099-DA3D2D044E20}.Debug|Any CPU.Deploy.0 = Debug|Any CPU
		{811453DC-1CDA-465D-A099-DA3D2D044E20}.Debug|iPhone.ActiveCfg = Debug|Any CPU
		{811453DC-1CDA-465D-A099-DA3D2D044E20}.Debug|iPhone.Build.0 = Debug|Any CPU
		{811453DC-1CDA-465D-A099-DA3D2D044E20}.Debug|iPhone.Deploy.0 = Debug|Any CPU
		{811453DC-1CDA-465D-A099-DA3D2D044E20}.Debug|iPhoneSimulator.ActiveCfg = Debug|Any CPU
		{811453DC-1CDA-465D-A099-DA3D2D044E20}.Debug|iPhoneSimulator.Build.0 = Debug|Any CPU
		{811453DC-1CDA-465D-A099-DA3D2D044E20}.Debug|iPhoneSimulator.Deploy.0 = Debug|Any CPU
		{811453DC-1CDA-465D-A099-DA3D2D044E20}.Release|Any CPU.ActiveCfg = Release|Any CPU
		{811453DC-1CDA-465D-A099-DA3D2D044E20}.Release|Any CPU.Build.0 = Release|Any CPU
		{811453DC-1CDA-465D-A099-DA3D2D044E20}.Release|Any CPU.Deploy.0 = Release|Any CPU
		{811453DC-1CDA-465D-A099-DA3D2D044E20}.Release|iPhone.ActiveCfg = Release|Any CPU
		{811453DC-1CDA-465D-A099-DA3D2D044E20}.Release|iPhone.Build.0 = Release|Any CPU
		{811453DC-1CDA-465D-A099-DA3D2D044E20}.Release|iPhone.Deploy.0 = Release|Any CPU
		{811453DC-1CDA-465D-A099-DA3D2D044E20}.Release|iPhoneSimulator.ActiveCfg = Release|Any CPU
		{811453DC-1CDA-465D-A099-DA3D2D044E20}.Release|iPhoneSimulator.Build.0 = Release|Any CPU
		{811453DC-1CDA-465D-A099-DA3D2D044E20}.Release|iPhoneSimulator.Deploy.0 = Release|Any CPU
	EndGlobalSection
	GlobalSection(SolutionProperties) = preSolution
		HideSolutionNode = FALSE
	EndGlobalSection
	GlobalSection(ExtensibilityGlobals) = postSolution
		SolutionGuid = {92508C53-15F2-4C46-9C99-E85CB825325E}
	EndGlobalSection
EndGlobal
